{
  "name": "tanstack-ai-sse-verify",
  "lockfileVersion": 3,
  "requires": true,
  "packages": {
    "": {
      "name": "tanstack-ai-sse-verify",
      "dependencies": {
        "@tanstack/ai": "0.2.0"
      }
    },
    "node_modules/@tanstack/ai": {
      "version": "0.2.0",
      "resolved": "https://registry.npmjs.org/@tanstack/ai/-/ai-0.2.0.tgz",
      "integrity": "sha512-liGeP7pa7YsgDbUQZOSBHSunWXTQ9FdzDeBGFnDXt9iXF8Fa/GyYu+x2w8IwjK9aWaKLd4CNpULRbzwHP5SzYA==",
      "license": "MIT",
      "dependencies": {
        "@tanstack/devtools-event-client": "^0.4.0",
        "partial-json": "^0.1.7"
      },
      "engines": {
        "node": ">=18"
      }
    },
    "node_modules/@tanstack/devtools-event-client": {
      "version": "0.4.0",
      "resolved": "https://registry.npmjs.org/@tanstack/devtools-event-client/-/devtools-event-client-0.4.0.tgz",
      "integrity": "sha512-RPfGuk2bDZgcu9bAJodvO2lnZeHuz4/71HjZ0bGb/SPg8+lyTA+RLSKQvo7fSmPSi8/vcH3aKQ8EM9ywf1olaw==",
      "license": "MIT",
      "engines": {
        "node": ">=18"
      },
      "funding": {
        "type": "github",
        "url": "https://github.com/sponsors/tannerlinsley"
      }
    },
    "node_modules/partial-json": {
      "version": "0.1.7",
      "resolved": "https://registry.npmjs.org/partial-json/-/partial-json-0.1.7.tgz",
      "integrity": "sha512-Njv/59hHaokb/hRUjce3Hdv12wd60MtM9Z5Olmn+nehe0QDAsRtRbJPvJ0Z91TusF0SuZRIvnM+S4l6EIP8leA==",
      "license": "MIT"
    }
  }
}
